
Microsoft Visual Studio Solution File, Format Version 12.00
# Visual Studio Version 17
VisualStudioVersion = 17.9.34728.123
MinimumVisualStudioVersion = 10.0.40219.1
Project("{FAE04EC0-301F-11D3-BF4B-00C04F79EFBC}") = "LMS.API", "LMS.API\LMS.API.csproj", "{5390F554-8721-4CE4-920F-47CB969364C9}"
EndProject
Project("{FAE04EC0-301F-11D3-BF4B-00C04F79EFBC}") = "LMS.Infrastructures", "LMS.Infrastructures\LMS.Infrastructures.csproj", "{94D58C85-07CC-47F5-84CE-BBF6127BDE88}"
EndProject
Project("{FAE04EC0-301F-11D3-BF4B-00C04F79EFBC}") = "LMS.Mapper", "LMS.Mapper\LMS.Mapper.csproj", "{0346ACF8-E952-42DF-94E0-7CAE4A25CACE}"
EndProject
Project("{FAE04EC0-301F-11D3-BF4B-00C04F79EFBC}") = "LMS.Admin", "LMS.Admin\LMS.Admin.csproj", "{588853C3-883D-4BF3-A6DE-D906183AEE6B}"
EndProject
Global
	GlobalSection(SolutionConfigurationPlatforms) = preSolution
		Debug|Any CPU = Debug|Any CPU
		Release|Any CPU = Release|Any CPU
	EndGlobalSection
	GlobalSection(ProjectConfigurationPlatforms) = postSolution
		{5390F554-8721-4CE4-920F-47CB969364C9}.Debug|Any CPU.ActiveCfg = Debug|Any CPU
		{5390F554-8721-4CE4-920F-47CB969364C9}.Debug|Any CPU.Build.0 = Debug|Any CPU
		{5390F554-8721-4CE4-920F-47CB969364C9}.Release|Any CPU.ActiveCfg = Release|Any CPU
		{5390F554-8721-4CE4-920F-47CB969364C9}.Release|Any CPU.Build.0 = Release|Any CPU
		{94D58C85-07CC-47F5-84CE-BBF6127BDE88}.Debug|Any CPU.ActiveCfg = Debug|Any CPU
		{94D58C85-07CC-47F5-84CE-BBF6127BDE88}.Debug|Any CPU.Build.0 = Debug|Any CPU
		{94D58C85-07CC-47F5-84CE-BBF6127BDE88}.Release|Any CPU.ActiveCfg = Release|Any CPU
		{94D58C85-07CC-47F5-84CE-BBF6127BDE88}.Release|Any CPU.Build.0 = Release|Any CPU
		{0346ACF8-E952-42DF-94E0-7CAE4A25CACE}.Debug|Any CPU.ActiveCfg = Debug|Any CPU
		{0346ACF8-E952-42DF-94E0-7CAE4A25CACE}.Debug|Any CPU.Build.0 = Debug|Any CPU
		{0346ACF8-E952-42DF-94E0-7CAE4A25CACE}.Release|Any CPU.ActiveCfg = Release|Any CPU
		{0346ACF8-E952-42DF-94E0-7CAE4A25CACE}.Release|Any CPU.Build.0 = Release|Any CPU
		{588853C3-883D-4BF3-A6DE-D906183AEE6B}.Debug|Any CPU.ActiveCfg = Debug|Any CPU
		{588853C3-883D-4BF3-A6DE-D906183AEE6B}.Debug|Any CPU.Build.0 = Debug|Any CPU
		{588853C3-883D-4BF3-A6DE-D906183AEE6B}.Release|Any CPU.ActiveCfg = Release|Any CPU
		{588853C3-883D-4BF3-A6DE-D906183AEE6B}.Release|Any CPU.Build.0 = Release|Any CPU
	EndGlobalSection
	GlobalSection(SolutionProperties) = preSolution
		HideSolutionNode = FALSE
	EndGlobalSection
	GlobalSection(ExtensibilityGlobals) = postSolution
		SolutionGuid = {E714EB2D-6C3A-42CB-B6FE-458F8B80B990}
	EndGlobalSection
EndGlobal
